{
  "name": "wechat-tuangou",
  "version": "1.0.0",
  "lockfileVersion": 3,
  "requires": true,
  "packages": {
    "": {
      "name": "wechat-tuangou",
      "version": "1.0.0",
      "license": "ISC",
      "dependencies": {
        "@escook/request-miniprogram": "^0.2.1",
        "@vant/weapp": "^1.11.0"
      }
    },
    "node_modules/@escook/request-miniprogram": {
      "version": "0.2.1",
      "resolved": "https://registry.npmmirror.com/@escook/request-miniprogram/-/request-miniprogram-0.2.1.tgz",
      "integrity": "sha512-ueWV5YsaEm/ycQZuEjMiA88GFMhfBQSjy9GrP9omy4xAQajkGTbYIlnhzsDfWzRPmRC1fKmAiKMrCVcgS+SHcQ=="
    },
    "node_modules/@vant/weapp": {
      "version": "1.11.0",
      "resolved": "https://registry.npmmirror.com/@vant/weapp/-/weapp-1.11.0.tgz",
      "integrity": "sha512-4m0w6H6VSYOXmTcTaoZPlTMCF8+dD0MdccBvM8UGXACkT8xuYlSBzHcttr089hpVknaaGoYn2zub1l3bzIv2Uw=="
    }
  }
}
